// !$*UTF8*$!
{
	archiveVersion = 1;
	classes = {
	};
	objectVersion = 52;
	objects = {

/* Begin PBXBuildFile section */
		011FDA39253F63FC00EBAA44 /* MessengerChannelViewController.swift in Sources */ = {isa = PBXBuildFile; fileRef = 011FDA38253F63FC00EBAA44 /* MessengerChannelViewController.swift */; };
		011FDA3C253F643A00EBAA44 /* LinkedInChannelViewController.swift in Sources */ = {isa = PBXBuildFile; fileRef = 011FDA3B253F643A00EBAA44 /* LinkedInChannelViewController.swift */; };
		011FDA3F253F645400EBAA44 /* FacebookChannelViewController.swift in Sources */ = {isa = PBXBuildFile; fileRef = 011FDA3E253F645400EBAA44 /* FacebookChannelViewController.swift */; };
		013C22D9253F3D0700B86C3D /* Sync.xcdatamodeld in Sources */ = {isa = PBXBuildFile; fileRef = 013C22D7253F3D0700B86C3D /* Sync.xcdatamodeld */; };
		013C22EE253F479400B86C3D /* TwitterChannelViewController.swift in Sources */ = {isa = PBXBuildFile; fileRef = 013C22ED253F479400B86C3D /* TwitterChannelViewController.swift */; };
		019AE001253602740072E2E0 /* AppDelegate.swift in Sources */ = {isa = PBXBuildFile; fileRef = 019AE000253602740072E2E0 /* AppDelegate.swift */; };
		019AE003253602740072E2E0 /* ViewController.swift in Sources */ = {isa = PBXBuildFile; fileRef = 019AE002253602740072E2E0 /* ViewController.swift */; };
		019AE006253602740072E2E0 /* Main.storyboard in Resources */ = {isa = PBXBuildFile; fileRef = 019AE004253602740072E2E0 /* Main.storyboard */; };
		019AE009253602740072E2E0 /* Sync.xcdatamodeld in Sources */ = {isa = PBXBuildFile; fileRef = 019AE007253602740072E2E0 /* Sync.xcdatamodeld */; };
		019AE00B253602740072E2E0 /* Assets.xcassets in Resources */ = {isa = PBXBuildFile; fileRef = 019AE00A253602740072E2E0 /* Assets.xcassets */; };
		019AE00E253602740072E2E0 /* LaunchScreen.storyboard in Resources */ = {isa = PBXBuildFile; fileRef = 019AE00C253602740072E2E0 /* LaunchScreen.storyboard */; };
		01E092EB253E0EF300C86A29 /* NotificationHubViewController.swift in Sources */ = {isa = PBXBuildFile; fileRef = 01E092EA253E0EF200C86A29 /* NotificationHubViewController.swift */; };
		559C4CDD95D3A0FF85770C65 /* Pods_Sync.framework in Frameworks */ = {isa = PBXBuildFile; fileRef = 0319D0441BCD58AAB5D33155 /* Pods_Sync.framework */; };
		5C0035F12551F7F800B1F5DB /* ResetPasswordLoggedInViewController.swift in Sources */ = {isa = PBXBuildFile; fileRef = 5C0035F02551F7F800B1F5DB /* ResetPasswordLoggedInViewController.swift */; };
		5CE608FC254299570061F10E /* README.pdf in Resources */ = {isa = PBXBuildFile; fileRef = 5CE608FB254299570061F10E /* README.pdf */; };
		5CE90EC42540D0C0008E1A9C /* SignUpViewController.swift in Sources */ = {isa = PBXBuildFile; fileRef = 5CE90EC32540D0C0008E1A9C /* SignUpViewController.swift */; };
		5CE90ECB2541085D008E1A9C /* OptInViewController.swift in Sources */ = {isa = PBXBuildFile; fileRef = 5CE90ECA2541085D008E1A9C /* OptInViewController.swift */; };
		5CE90EE625411E80008E1A9C /* GoogleService-Info.plist in Resources */ = {isa = PBXBuildFile; fileRef = 5CE90EE525411E80008E1A9C /* GoogleService-Info.plist */; };
		A0245C34254143140031E0DD /* SignInViewController.swift in Sources */ = {isa = PBXBuildFile; fileRef = A0245C33254143140031E0DD /* SignInViewController.swift */; };
		A3FF5D3525422E3C0079BC1A /* SettingsViewController.swift in Sources */ = {isa = PBXBuildFile; fileRef = A3FF5D3425422E3B0079BC1A /* SettingsViewController.swift */; };
		A3FF5D382542337F0079BC1A /* MenuTransition.swift in Sources */ = {isa = PBXBuildFile; fileRef = A3FF5D372542337F0079BC1A /* MenuTransition.swift */; };
		A3FF5D3B254246440079BC1A /* ChangePasswordViewController.swift in Sources */ = {isa = PBXBuildFile; fileRef = A3FF5D3A254246440079BC1A /* ChangePasswordViewController.swift */; };
/* End PBXBuildFile section */

/* Begin PBXFileReference section */
		011FDA38253F63FC00EBAA44 /* MessengerChannelViewController.swift */ = {isa = PBXFileReference; lastKnownFileType = sourcecode.swift; path = MessengerChannelViewController.swift; sourceTree = "<group>"; };
		011FDA3B253F643A00EBAA44 /* LinkedInChannelViewController.swift */ = {isa = PBXFileReference; lastKnownFileType = sourcecode.swift; path = LinkedInChannelViewController.swift; sourceTree = "<group>"; };
		011FDA3E253F645400EBAA44 /* FacebookChannelViewController.swift */ = {isa = PBXFileReference; lastKnownFileType = sourcecode.swift; path = FacebookChannelViewController.swift; sourceTree = "<group>"; };
		013C22D8253F3D0700B86C3D /* Sync.xcdatamodel */ = {isa = PBXFileReference; lastKnownFileType = wrapper.xcdatamodel; path = Sync.xcdatamodel; sourceTree = "<group>"; };
		013C22ED253F479400B86C3D /* TwitterChannelViewController.swift */ = {isa = PBXFileReference; lastKnownFileType = sourcecode.swift; path = TwitterChannelViewController.swift; sourceTree = "<group>"; };
		019ADFFD253602740072E2E0 /* Sync.app */ = {isa = PBXFileReference; explicitFileType = wrapper.application; includeInIndex = 0; path = Sync.app; sourceTree = BUILT_PRODUCTS_DIR; };
		019AE000253602740072E2E0 /* AppDelegate.swift */ = {isa = PBXFileReference; lastKnownFileType = sourcecode.swift; path = AppDelegate.swift; sourceTree = "<group>"; };
		019AE002253602740072E2E0 /* ViewController.swift */ = {isa = PBXFileReference; lastKnownFileType = sourcecode.swift; path = ViewController.swift; sourceTree = "<group>"; };
		019AE005253602740072E2E0 /* Base */ = {isa = PBXFileReference; lastKnownFileType = file.storyboard; name = Base; path = Base.lproj/Main.storyboard; sourceTree = "<group>"; };
		019AE008253602740072E2E0 /* Sync.xcdatamodel */ = {isa = PBXFileReference; lastKnownFileType = wrapper.xcdatamodel; path = Sync.xcdatamodel; sourceTree = "<group>"; };
		019AE00A253602740072E2E0 /* Assets.xcassets */ = {isa = PBXFileReference; lastKnownFileType = folder.assetcatalog; path = Assets.xcassets; sourceTree = "<group>"; };
		019AE00D253602740072E2E0 /* Base */ = {isa = PBXFileReference; lastKnownFileType = file.storyboard; name = Base; path = Base.lproj/LaunchScreen.storyboard; sourceTree = "<group>"; };
		019AE00F253602740072E2E0 /* Info.plist */ = {isa = PBXFileReference; lastKnownFileType = text.plist.xml; path = Info.plist; sourceTree = "<group>"; };
		01E092EA253E0EF200C86A29 /* NotificationHubViewController.swift */ = {isa = PBXFileReference; lastKnownFileType = sourcecode.swift; path = NotificationHubViewController.swift; sourceTree = "<group>"; };
		0319D0441BCD58AAB5D33155 /* Pods_Sync.framework */ = {isa = PBXFileReference; explicitFileType = wrapper.framework; includeInIndex = 0; path = Pods_Sync.framework; sourceTree = BUILT_PRODUCTS_DIR; };
		3ECC2F23814EE42425E3243D /* Pods-Sync.release.xcconfig */ = {isa = PBXFileReference; includeInIndex = 1; lastKnownFileType = text.xcconfig; name = "Pods-Sync.release.xcconfig"; path = "Target Support Files/Pods-Sync/Pods-Sync.release.xcconfig"; sourceTree = "<group>"; };
		4ED3158ADA42FDEC68AC1086 /* Pods-Sync.debug.xcconfig */ = {isa = PBXFileReference; includeInIndex = 1; lastKnownFileType = text.xcconfig; name = "Pods-Sync.debug.xcconfig"; path = "Target Support Files/Pods-Sync/Pods-Sync.debug.xcconfig"; sourceTree = "<group>"; };
		5C0035F02551F7F800B1F5DB /* ResetPasswordLoggedInViewController.swift */ = {isa = PBXFileReference; lastKnownFileType = sourcecode.swift; path = ResetPasswordLoggedInViewController.swift; sourceTree = "<group>"; };
		5CE608FB254299570061F10E /* README.pdf */ = {isa = PBXFileReference; lastKnownFileType = image.pdf; path = README.pdf; sourceTree = "<group>"; };
		5CE90EC32540D0C0008E1A9C /* SignUpViewController.swift */ = {isa = PBXFileReference; lastKnownFileType = sourcecode.swift; path = SignUpViewController.swift; sourceTree = "<group>"; };
		5CE90ECA2541085D008E1A9C /* OptInViewController.swift */ = {isa = PBXFileReference; lastKnownFileType = sourcecode.swift; path = OptInViewController.swift; sourceTree = "<group>"; };
		5CE90EE525411E80008E1A9C /* GoogleService-Info.plist */ = {isa = PBXFileReference; fileEncoding = 4; lastKnownFileType = text.plist.xml; path = "GoogleService-Info.plist"; sourceTree = "<group>"; };
		A0245C33254143140031E0DD /* SignInViewController.swift */ = {isa = PBXFileReference; lastKnownFileType = sourcecode.swift; path = SignInViewController.swift; sourceTree = "<group>"; };
		A3FF5D3425422E3B0079BC1A /* SettingsViewController.swift */ = {isa = PBXFileReference; lastKnownFileType = sourcecode.swift; path = SettingsViewController.swift; sourceTree = "<group>"; };
		A3FF5D372542337F0079BC1A /* MenuTransition.swift */ = {isa = PBXFileReference; lastKnownFileType = sourcecode.swift; path = MenuTransition.swift; sourceTree = "<group>"; };
		A3FF5D3A254246440079BC1A /* ChangePasswordViewController.swift */ = {isa = PBXFileReference; lastKnownFileType = sourcecode.swift; path = ChangePasswordViewController.swift; sourceTree = "<group>"; };
/* End PBXFileReference section */

/* Begin PBXFrameworksBuildPhase section */
		019ADFFA253602740072E2E0 /* Frameworks */ = {
			isa = PBXFrameworksBuildPhase;
			buildActionMask = 2147483647;
			files = (
				559C4CDD95D3A0FF85770C65 /* Pods_Sync.framework in Frameworks */,
			);
			runOnlyForDeploymentPostprocessing = 0;
		};
/* End PBXFrameworksBuildPhase section */

/* Begin PBXGroup section */
		019ADFF4253602740072E2E0 = {
			isa = PBXGroup;
			children = (
				019ADFFF253602740072E2E0 /* Sync */,
				019ADFFE253602740072E2E0 /* Products */,
				A8A014D1C50519CDC4C6F429 /* Pods */,
				1E17953AE4D266485D35F875 /* Frameworks */,
			);
			sourceTree = "<group>";
		};
		019ADFFE253602740072E2E0 /* Products */ = {
			isa = PBXGroup;
			children = (
				019ADFFD253602740072E2E0 /* Sync.app */,
			);
			name = Products;
			sourceTree = "<group>";
		};
		019ADFFF253602740072E2E0 /* Sync */ = {
			isa = PBXGroup;
			children = (
				019AE000253602740072E2E0 /* AppDelegate.swift */,
				5CE608FB254299570061F10E /* README.pdf */,
				5CE90EC32540D0C0008E1A9C /* SignUpViewController.swift */,
				A0245C33254143140031E0DD /* SignInViewController.swift */,
				019AE002253602740072E2E0 /* ViewController.swift */,
				019AE004253602740072E2E0 /* Main.storyboard */,
				5C0035F02551F7F800B1F5DB /* ResetPasswordLoggedInViewController.swift */,
				A3FF5D372542337F0079BC1A /* MenuTransition.swift */,
				A3FF5D3425422E3B0079BC1A /* SettingsViewController.swift */,
				5CE90ECA2541085D008E1A9C /* OptInViewController.swift */,
				01E092EA253E0EF200C86A29 /* NotificationHubViewController.swift */,
				A3FF5D3A254246440079BC1A /* ChangePasswordViewController.swift */,
				019AE00A253602740072E2E0 /* Assets.xcassets */,
				019AE00C253602740072E2E0 /* LaunchScreen.storyboard */,
				019AE00F253602740072E2E0 /* Info.plist */,
				5CE90EE525411E80008E1A9C /* GoogleService-Info.plist */,
				019AE007253602740072E2E0 /* Sync.xcdatamodeld */,
				013C22D7253F3D0700B86C3D /* Sync.xcdatamodeld */,
				011FDA3E253F645400EBAA44 /* FacebookChannelViewController.swift */,
				011FDA3B253F643A00EBAA44 /* LinkedInChannelViewController.swift */,
				011FDA38253F63FC00EBAA44 /* MessengerChannelViewController.swift */,
				013C22ED253F479400B86C3D /* TwitterChannelViewController.swift */,
			);
			path = Sync;
			sourceTree = "<group>";
		};
		1E17953AE4D266485D35F875 /* Frameworks */ = {
			isa = PBXGroup;
			children = (
				0319D0441BCD58AAB5D33155 /* Pods_Sync.framework */,
			);
			name = Frameworks;
			sourceTree = "<group>";
		};
		A8A014D1C50519CDC4C6F429 /* Pods */ = {
			isa = PBXGroup;
			children = (
				4ED3158ADA42FDEC68AC1086 /* Pods-Sync.debug.xcconfig */,
				3ECC2F23814EE42425E3243D /* Pods-Sync.release.xcconfig */,
			);
			path = Pods;
			sourceTree = "<group>";
		};
/* End PBXGroup section */

/* Begin PBXNativeTarget section */
		019ADFFC253602740072E2E0 /* Sync */ = {
			isa = PBXNativeTarget;
			buildConfigurationList = 019AE012253602740072E2E0 /* Build configuration list for PBXNativeTarget "Sync" */;
			buildPhases = (
				A533CF38D86CFEC22121BAC0 /* [CP] Check Pods Manifest.lock */,
				019ADFF9253602740072E2E0 /* Sources */,
				019ADFFA253602740072E2E0 /* Frameworks */,
				019ADFFB253602740072E2E0 /* Resources */,
				F7E9732B2CC625FF3C89E3CF /* [CP] Embed Pods Frameworks */,
				0CBFF8EC14A9B8BC8A5A7B6C /* [CP] Copy Pods Resources */,
			);
			buildRules = (
			);
			dependencies = (
			);
			name = Sync;
			productName = Sync;
			productReference = 019ADFFD253602740072E2E0 /* Sync.app */;
			productType = "com.apple.product-type.application";
		};
/* End PBXNativeTarget section */

/* Begin PBXProject section */
		019ADFF5253602740072E2E0 /* Project object */ = {
			isa = PBXProject;
			attributes = {
				LastSwiftUpdateCheck = 0920;
				LastUpgradeCheck = 0920;
				ORGANIZATIONNAME = "Gabriela Pulido";
				TargetAttributes = {
					019ADFFC253602740072E2E0 = {
						CreatedOnToolsVersion = 9.2;
						ProvisioningStyle = Automatic;
					};
				};
			};
			buildConfigurationList = 019ADFF8253602740072E2E0 /* Build configuration list for PBXProject "Sync" */;
			compatibilityVersion = "Xcode 8.0";
			developmentRegion = en;
			hasScannedForEncodings = 0;
			knownRegions = (
				en,
				Base,
			);
			mainGroup = 019ADFF4253602740072E2E0;
			packageReferences = (
				010CAC1725508F60003C8BB7 /* RemoteSwiftPackageReference */,
			);
			productRefGroup = 019ADFFE253602740072E2E0 /* Products */;
			projectDirPath = "";
			projectRoot = "";
			targets = (
				019ADFFC253602740072E2E0 /* Sync */,
			);
		};
/* End PBXProject section */

/* Begin PBXResourcesBuildPhase section */
		019ADFFB253602740072E2E0 /* Resources */ = {
			isa = PBXResourcesBuildPhase;
			buildActionMask = 2147483647;
			files = (
				019AE00E253602740072E2E0 /* LaunchScreen.storyboard in Resources */,
				5CE90EE625411E80008E1A9C /* GoogleService-Info.plist in Resources */,
				019AE00B253602740072E2E0 /* Assets.xcassets in Resources */,
				019AE006253602740072E2E0 /* Main.storyboard in Resources */,
				5CE608FC254299570061F10E /* README.pdf in Resources */,
			);
			runOnlyForDeploymentPostprocessing = 0;
		};
/* End PBXResourcesBuildPhase section */

/* Begin PBXShellScriptBuildPhase section */
		0CBFF8EC14A9B8BC8A5A7B6C /* [CP] Copy Pods Resources */ = {
			isa = PBXShellScriptBuildPhase;
			buildActionMask = 2147483647;
			files = (
			);
			inputPaths = (
				"${PODS_ROOT}/Target Support Files/Pods-Sync/Pods-Sync-resources.sh",
				"${PODS_ROOT}/TwitterKit/iOS/TwitterKit.framework/TwitterKitResources.bundle",
			);
			name = "[CP] Copy Pods Resources";
			outputPaths = (
				"${TARGET_BUILD_DIR}/${UNLOCALIZED_RESOURCES_FOLDER_PATH}/TwitterKitResources.bundle",
			);
			runOnlyForDeploymentPostprocessing = 0;
			shellPath = /bin/sh;
			shellScript = "\"${PODS_ROOT}/Target Support Files/Pods-Sync/Pods-Sync-resources.sh\"\n";
			showEnvVarsInLog = 0;
		};
		A533CF38D86CFEC22121BAC0 /* [CP] Check Pods Manifest.lock */ = {
			isa = PBXShellScriptBuildPhase;
			buildActionMask = 2147483647;
			files = (
			);
			inputFileListPaths = (
			);
			inputPaths = (
				"${PODS_PODFILE_DIR_PATH}/Podfile.lock",
				"${PODS_ROOT}/Manifest.lock",
			);
			name = "[CP] Check Pods Manifest.lock";
			outputFileListPaths = (
			);
			outputPaths = (
				"$(DERIVED_FILE_DIR)/Pods-Sync-checkManifestLockResult.txt",
			);
			runOnlyForDeploymentPostprocessing = 0;
			shellPath = /bin/sh;
			shellScript = "diff \"${PODS_PODFILE_DIR_PATH}/Podfile.lock\" \"${PODS_ROOT}/Manifest.lock\" > /dev/null\nif [ $? != 0 ] ; then\n    # print error to STDERR\n    echo \"error: The sandbox is not in sync with the Podfile.lock. Run 'pod install' or update your CocoaPods installation.\" >&2\n    exit 1\nfi\n# This output is used by Xcode 'outputs' to avoid re-running this script phase.\necho \"SUCCESS\" > \"${SCRIPT_OUTPUT_FILE_0}\"\n";
			showEnvVarsInLog = 0;
		};
		F7E9732B2CC625FF3C89E3CF /* [CP] Embed Pods Frameworks */ = {
			isa = PBXShellScriptBuildPhase;
			buildActionMask = 2147483647;
			files = (
			);
			inputPaths = (
				"${PODS_ROOT}/Target Support Files/Pods-Sync/Pods-Sync-frameworks.sh",
				"${BUILT_PRODUCTS_DIR}/Alamofire/Alamofire.framework",
				"${BUILT_PRODUCTS_DIR}/DropDown/DropDown.framework",
				"${BUILT_PRODUCTS_DIR}/FBSDKCoreKit/FBSDKCoreKit.framework",
				"${BUILT_PRODUCTS_DIR}/FBSDKLoginKit/FBSDKLoginKit.framework",
				"${BUILT_PRODUCTS_DIR}/FBSDKShareKit/FBSDKShareKit.framework",
				"${BUILT_PRODUCTS_DIR}/FirebaseAuth/FirebaseAuth.framework",
				"${BUILT_PRODUCTS_DIR}/FirebaseCore/FirebaseCore.framework",
				"${BUILT_PRODUCTS_DIR}/FirebaseCoreDiagnostics/FirebaseCoreDiagnostics.framework",
				"${BUILT_PRODUCTS_DIR}/FirebaseDatabase/FirebaseDatabase.framework",
				"${BUILT_PRODUCTS_DIR}/FirebaseInstallations/FirebaseInstallations.framework",
				"${BUILT_PRODUCTS_DIR}/GTMSessionFetcher/GTMSessionFetcher.framework",
				"${BUILT_PRODUCTS_DIR}/GoogleDataTransport/GoogleDataTransport.framework",
				"${BUILT_PRODUCTS_DIR}/GoogleUtilities/GoogleUtilities.framework",
				"${BUILT_PRODUCTS_DIR}/PromisesObjC/FBLPromises.framework",
				"${PODS_ROOT}/TwitterCore/iOS/TwitterCore.framework",
				"${PODS_ROOT}/TwitterKit/iOS/TwitterKit.framework",
				"${BUILT_PRODUCTS_DIR}/leveldb-library/leveldb.framework",
				"${BUILT_PRODUCTS_DIR}/nanopb/nanopb.framework",
			);
			name = "[CP] Embed Pods Frameworks";
			outputPaths = (
				"${TARGET_BUILD_DIR}/${FRAMEWORKS_FOLDER_PATH}/Alamofire.framework",
				"${TARGET_BUILD_DIR}/${FRAMEWORKS_FOLDER_PATH}/DropDown.framework",
				"${TARGET_BUILD_DIR}/${FRAMEWORKS_FOLDER_PATH}/FBSDKCoreKit.framework",
				"${TARGET_BUILD_DIR}/${FRAMEWORKS_FOLDER_PATH}/FBSDKLoginKit.framework",
				"${TARGET_BUILD_DIR}/${FRAMEWORKS_FOLDER_PATH}/FBSDKShareKit.framework",
				"${TARGET_BUILD_DIR}/${FRAMEWORKS_FOLDER_PATH}/FirebaseAuth.framework",
				"${TARGET_BUILD_DIR}/${FRAMEWORKS_FOLDER_PATH}/FirebaseCore.framework",
				"${TARGET_BUILD_DIR}/${FRAMEWORKS_FOLDER_PATH}/FirebaseCoreDiagnostics.framework",
				"${TARGET_BUILD_DIR}/${FRAMEWORKS_FOLDER_PATH}/FirebaseDatabase.framework",
				"${TARGET_BUILD_DIR}/${FRAMEWORKS_FOLDER_PATH}/FirebaseInstallations.framework",
				"${TARGET_BUILD_DIR}/${FRAMEWORKS_FOLDER_PATH}/GTMSessionFetcher.framework",
				"${TARGET_BUILD_DIR}/${FRAMEWORKS_FOLDER_PATH}/GoogleDataTransport.framework",
				"${TARGET_BUILD_DIR}/${FRAMEWORKS_FOLDER_PATH}/GoogleUtilities.framework",
				"${TARGET_BUILD_DIR}/${FRAMEWORKS_FOLDER_PATH}/FBLPromises.framework",
				"${TARGET_BUILD_DIR}/${FRAMEWORKS_FOLDER_PATH}/TwitterCore.framework",
				"${TARGET_BUILD_DIR}/${FRAMEWORKS_FOLDER_PATH}/TwitterKit.framework",
				"${TARGET_BUILD_DIR}/${FRAMEWORKS_FOLDER_PATH}/leveldb.framework",
				"${TARGET_BUILD_DIR}/${FRAMEWORKS_FOLDER_PATH}/nanopb.framework",
			);
			runOnlyForDeploymentPostprocessing = 0;
			shellPath = /bin/sh;
			shellScript = "\"${PODS_ROOT}/Target Support Files/Pods-Sync/Pods-Sync-frameworks.sh\"\n";
			showEnvVarsInLog = 0;
		};
/* End PBXShellScriptBuildPhase section */

/* Begin PBXSourcesBuildPhase section */
		019ADFF9253602740072E2E0 /* Sources */ = {
			isa = PBXSourcesBuildPhase;
			buildActionMask = 2147483647;
			files = (
				019AE009253602740072E2E0 /* Sync.xcdatamodeld in Sources */,
				019AE003253602740072E2E0 /* ViewController.swift in Sources */,
				013C22D9253F3D0700B86C3D /* Sync.xcdatamodeld in Sources */,
				A3FF5D3B254246440079BC1A /* ChangePasswordViewController.swift in Sources */,
				019AE001253602740072E2E0 /* AppDelegate.swift in Sources */,
				5CE90EC42540D0C0008E1A9C /* SignUpViewController.swift in Sources */,
				011FDA3C253F643A00EBAA44 /* LinkedInChannelViewController.swift in Sources */,
				011FDA3F253F645400EBAA44 /* FacebookChannelViewController.swift in Sources */,
				013C22EE253F479400B86C3D /* TwitterChannelViewController.swift in Sources */,
				A0245C34254143140031E0DD /* SignInViewController.swift in Sources */,
				A3FF5D382542337F0079BC1A /* MenuTransition.swift in Sources */,
				01E092EB253E0EF300C86A29 /* NotificationHubViewController.swift in Sources */,
				5C0035F12551F7F800B1F5DB /* ResetPasswordLoggedInViewController.swift in Sources */,
				A3FF5D3525422E3C0079BC1A /* SettingsViewController.swift in Sources */,
				5CE90ECB2541085D008E1A9C /* OptInViewController.swift in Sources */,
				011FDA39253F63FC00EBAA44 /* MessengerChannelViewController.swift in Sources */,
			);
			runOnlyForDeploymentPostprocessing = 0;
		};
/* End PBXSourcesBuildPhase section */

/* Begin PBXVariantGroup section */
		019AE004253602740072E2E0 /* Main.storyboard */ = {
			isa = PBXVariantGroup;
			children = (
				019AE005253602740072E2E0 /* Base */,
			);
			name = Main.storyboard;
			sourceTree = "<group>";
		};
		019AE00C253602740072E2E0 /* LaunchScreen.storyboard */ = {
			isa = PBXVariantGroup;
			children = (
				019AE00D253602740072E2E0 /* Base */,
			);
			name = LaunchScreen.storyboard;
			sourceTree = "<group>";
		};
/* End PBXVariantGroup section */

/* Begin XCBuildConfiguration section */
		019AE010253602740072E2E0 /* Debug */ = {
			isa = XCBuildConfiguration;
			buildSettings = {
				ALWAYS_SEARCH_USER_PATHS = NO;
				CLANG_ANALYZER_NONNULL = YES;
				CLANG_ANALYZER_NUMBER_OBJECT_CONVERSION = YES_AGGRESSIVE;
				CLANG_CXX_LANGUAGE_STANDARD = "gnu++14";
				CLANG_CXX_LIBRARY = "libc++";
				CLANG_ENABLE_MODULES = YES;
				CLANG_ENABLE_OBJC_ARC = YES;
				CLANG_WARN_BLOCK_CAPTURE_AUTORELEASING = YES;
				CLANG_WARN_BOOL_CONVERSION = YES;
				CLANG_WARN_COMMA = YES;
				CLANG_WARN_CONSTANT_CONVERSION = YES;
				CLANG_WARN_DIRECT_OBJC_ISA_USAGE = YES_ERROR;
				CLANG_WARN_DOCUMENTATION_COMMENTS = YES;
				CLANG_WARN_EMPTY_BODY = YES;
				CLANG_WARN_ENUM_CONVERSION = YES;
				CLANG_WARN_INFINITE_RECURSION = YES;
				CLANG_WARN_INT_CONVERSION = YES;
				CLANG_WARN_NON_LITERAL_NULL_CONVERSION = YES;
				CLANG_WARN_OBJC_LITERAL_CONVERSION = YES;
				CLANG_WARN_OBJC_ROOT_CLASS = YES_ERROR;
				CLANG_WARN_RANGE_LOOP_ANALYSIS = YES;
				CLANG_WARN_STRICT_PROTOTYPES = YES;
				CLANG_WARN_SUSPICIOUS_MOVE = YES;
				CLANG_WARN_UNGUARDED_AVAILABILITY = YES_AGGRESSIVE;
				CLANG_WARN_UNREACHABLE_CODE = YES;
				CLANG_WARN__DUPLICATE_METHOD_MATCH = YES;
				CODE_SIGN_IDENTITY = "iPhone Developer";
				COPY_PHASE_STRIP = NO;
				DEBUG_INFORMATION_FORMAT = dwarf;
				ENABLE_STRICT_OBJC_MSGSEND = YES;
				ENABLE_TESTABILITY = YES;
				GCC_C_LANGUAGE_STANDARD = gnu11;
				GCC_DYNAMIC_NO_PIC = NO;
				GCC_NO_COMMON_BLOCKS = YES;
				GCC_OPTIMIZATION_LEVEL = 0;
				GCC_PREPROCESSOR_DEFINITIONS = (
					"DEBUG=1",
					"$(inherited)",
				);
				GCC_WARN_64_TO_32_BIT_CONVERSION = YES;
				GCC_WARN_ABOUT_RETURN_TYPE = YES_ERROR;
				GCC_WARN_UNDECLARED_SELECTOR = YES;
				GCC_WARN_UNINITIALIZED_AUTOS = YES_AGGRESSIVE;
				GCC_WARN_UNUSED_FUNCTION = YES;
				GCC_WARN_UNUSED_VARIABLE = YES;
				IPHONEOS_DEPLOYMENT_TARGET = 11.2;
				MTL_ENABLE_DEBUG_INFO = YES;
				ONLY_ACTIVE_ARCH = YES;
				SDKROOT = iphoneos;
				SWIFT_ACTIVE_COMPILATION_CONDITIONS = DEBUG;
				SWIFT_OPTIMIZATION_LEVEL = "-Onone";
			};
			name = Debug;
		};
		019AE011253602740072E2E0 /* Release */ = {
			isa = XCBuildConfiguration;
			buildSettings = {
				ALWAYS_SEARCH_USER_PATHS = NO;
				CLANG_ANALYZER_NONNULL = YES;
				CLANG_ANALYZER_NUMBER_OBJECT_CONVERSION = YES_AGGRESSIVE;
				CLANG_CXX_LANGUAGE_STANDARD = "gnu++14";
				CLANG_CXX_LIBRARY = "libc++";
				CLANG_ENABLE_MODULES = YES;
				CLANG_ENABLE_OBJC_ARC = YES;
				CLANG_WARN_BLOCK_CAPTURE_AUTORELEASING = YES;
				CLANG_WARN_BOOL_CONVERSION = YES;
				CLANG_WARN_COMMA = YES;
				CLANG_WARN_CONSTANT_CONVERSION = YES;
				CLANG_WARN_DIRECT_OBJC_ISA_USAGE = YES_ERROR;
				CLANG_WARN_DOCUMENTATION_COMMENTS = YES;
				CLANG_WARN_EMPTY_BODY = YES;
				CLANG_WARN_ENUM_CONVERSION = YES;
				CLANG_WARN_INFINITE_RECURSION = YES;
				CLANG_WARN_INT_CONVERSION = YES;
				CLANG_WARN_NON_LITERAL_NULL_CONVERSION = YES;
				CLANG_WARN_OBJC_LITERAL_CONVERSION = YES;
				CLANG_WARN_OBJC_ROOT_CLASS = YES_ERROR;
				CLANG_WARN_RANGE_LOOP_ANALYSIS = YES;
				CLANG_WARN_STRICT_PROTOTYPES = YES;
				CLANG_WARN_SUSPICIOUS_MOVE = YES;
				CLANG_WARN_UNGUARDED_AVAILABILITY = YES_AGGRESSIVE;
				CLANG_WARN_UNREACHABLE_CODE = YES;
				CLANG_WARN__DUPLICATE_METHOD_MATCH = YES;
				CODE_SIGN_IDENTITY = "iPhone Developer";
				COPY_PHASE_STRIP = NO;
				DEBUG_INFORMATION_FORMAT = "dwarf-with-dsym";
				ENABLE_NS_ASSERTIONS = NO;
				ENABLE_STRICT_OBJC_MSGSEND = YES;
				GCC_C_LANGUAGE_STANDARD = gnu11;
				GCC_NO_COMMON_BLOCKS = YES;
				GCC_WARN_64_TO_32_BIT_CONVERSION = YES;
				GCC_WARN_ABOUT_RETURN_TYPE = YES_ERROR;
				GCC_WARN_UNDECLARED_SELECTOR = YES;
				GCC_WARN_UNINITIALIZED_AUTOS = YES_AGGRESSIVE;
				GCC_WARN_UNUSED_FUNCTION = YES;
				GCC_WARN_UNUSED_VARIABLE = YES;
				IPHONEOS_DEPLOYMENT_TARGET = 11.2;
				MTL_ENABLE_DEBUG_INFO = NO;
				SDKROOT = iphoneos;
				SWIFT_COMPILATION_MODE = wholemodule;
				SWIFT_OPTIMIZATION_LEVEL = "-O";
				VALIDATE_PRODUCT = YES;
			};
			name = Release;
		};
		019AE013253602740072E2E0 /* Debug */ = {
			isa = XCBuildConfiguration;
			baseConfigurationReference = 4ED3158ADA42FDEC68AC1086 /* Pods-Sync.debug.xcconfig */;
			buildSettings = {
				ASSETCATALOG_COMPILER_APPICON_NAME = AppIcon;
				CODE_SIGN_STYLE = Automatic;
				DEVELOPMENT_TEAM = 535VJAU38N;
				INFOPLIST_FILE = Sync/Info.plist;
				IPHONEOS_DEPLOYMENT_TARGET = 13.7;
				LD_RUNPATH_SEARCH_PATHS = (
					"$(inherited)",
					"@executable_path/Frameworks",
				);
				PRODUCT_BUNDLE_IDENTIFIER = CS371L.Sync;
				PRODUCT_NAME = "$(TARGET_NAME)";
				SWIFT_VERSION = 4.0;
				TARGETED_DEVICE_FAMILY = "1,2";
			};
			name = Debug;
		};
		019AE014253602740072E2E0 /* Release */ = {
			isa = XCBuildConfiguration;
			baseConfigurationReference = 3ECC2F23814EE42425E3243D /* Pods-Sync.release.xcconfig */;
			buildSettings = {
				ASSETCATALOG_COMPILER_APPICON_NAME = AppIcon;
				CODE_SIGN_STYLE = Automatic;
				DEVELOPMENT_TEAM = 535VJAU38N;
				INFOPLIST_FILE = Sync/Info.plist;
				IPHONEOS_DEPLOYMENT_TARGET = 13.7;
				LD_RUNPATH_SEARCH_PATHS = (
					"$(inherited)",
					"@executable_path/Frameworks",
				);
				PRODUCT_BUNDLE_IDENTIFIER = CS371L.Sync;
				PRODUCT_NAME = "$(TARGET_NAME)";
				SWIFT_VERSION = 4.0;
				TARGETED_DEVICE_FAMILY = "1,2";
			};
			name = Release;
		};
/* End XCBuildConfiguration section */

/* Begin XCConfigurationList section */
		019ADFF8253602740072E2E0 /* Build configuration list for PBXProject "Sync" */ = {
			isa = XCConfigurationList;
			buildConfigurations = (
				019AE010253602740072E2E0 /* Debug */,
				019AE011253602740072E2E0 /* Release */,
			);
			defaultConfigurationIsVisible = 0;
			defaultConfigurationName = Release;
		};
		019AE012253602740072E2E0 /* Build configuration list for PBXNativeTarget "Sync" */ = {
			isa = XCConfigurationList;
			buildConfigurations = (
				019AE013253602740072E2E0 /* Debug */,
				019AE014253602740072E2E0 /* Release */,
			);
			defaultConfigurationIsVisible = 0;
			defaultConfigurationName = Release;
		};
/* End XCConfigurationList section */

/* Begin XCRemoteSwiftPackageReference section */
		010CAC1725508F60003C8BB7 /* RemoteSwiftPackageReference */ = {
			isa = XCRemoteSwiftPackageReference;
			repositoryURL = "https://github.com/facebook/facebook-ios-sdk";
			requirement = {
				kind = upToNextMajorVersion;
				minimumVersion = 8.1.0;
			};
		};
/* End XCRemoteSwiftPackageReference section */

/* Begin XCVersionGroup section */
		013C22D7253F3D0700B86C3D /* Sync.xcdatamodeld */ = {
			isa = XCVersionGroup;
			children = (
				013C22D8253F3D0700B86C3D /* Sync.xcdatamodel */,
			);
			currentVersion = 013C22D8253F3D0700B86C3D /* Sync.xcdatamodel */;
			path = Sync.xcdatamodeld;
			sourceTree = "<group>";
			versionGroupType = wrapper.xcdatamodel;
		};
		019AE007253602740072E2E0 /* Sync.xcdatamodeld */ = {
			isa = XCVersionGroup;
			children = (
				019AE008253602740072E2E0 /* Sync.xcdatamodel */,
			);
			currentVersion = 019AE008253602740072E2E0 /* Sync.xcdatamodel */;
			path = Sync.xcdatamodeld;
			sourceTree = "<group>";
			versionGroupType = wrapper.xcdatamodel;
		};
/* End XCVersionGroup section */
	};
	rootObject = 019ADFF5253602740072E2E0 /* Project object */;
}
